
Microsoft Visual Studio Solution File, Format Version 12.00
# Visual Studio Version 16
VisualStudioVersion = 16.0.31729.503
MinimumVisualStudioVersion = 10.0.40219.1
Project("{9A19103F-16F7-4668-BE54-9A1E7A4F7556}") = "WH_draftWeb", "WH_draftWeb\WH_draftWeb.csproj", "{C907E72A-F8C6-429C-B69D-2A2FF18CAF43}"
EndProject
Global
	GlobalSection(SolutionConfigurationPlatforms) = preSolution
		Debug|Any CPU = Debug|Any CPU
		Release|Any CPU = Release|Any CPU
	EndGlobalSection
	GlobalSection(ProjectConfigurationPlatforms) = postSolution
		{C907E72A-F8C6-429C-B69D-2A2FF18CAF43}.Debug|Any CPU.ActiveCfg = Debug|Any CPU
		{C907E72A-F8C6-429C-B69D-2A2FF18CAF43}.Debug|Any CPU.Build.0 = Debug|Any CPU
		{C907E72A-F8C6-429C-B69D-2A2FF18CAF43}.Release|Any CPU.ActiveCfg = Release|Any CPU
		{C907E72A-F8C6-429C-B69D-2A2FF18CAF43}.Release|Any CPU.Build.0 = Release|Any CPU
	EndGlobalSection
	GlobalSection(SolutionProperties) = preSolution
		HideSolutionNode = FALSE
	EndGlobalSection
	GlobalSection(ExtensibilityGlobals) = postSolution
		SolutionGuid = {39CAE54F-86AE-4589-A621-85E9E54C2E0A}
	EndGlobalSection
EndGlobal
